
Microsoft Visual Studio Solution File, Format Version 12.00
# Visual Studio 2013
VisualStudioVersion = 12.0.21005.1
MinimumVisualStudioVersion = 10.0.40219.1
Project("{FAE04EC0-301F-11D3-BF4B-00C04F79EFBC}") = "LinkHubUI", "LinkHubUI\LinkHubUI.csproj", "{628FCB25-6356-4A5D-9BE1-4917D249A0F3}"
EndProject
Project("{FAE04EC0-301F-11D3-BF4B-00C04F79EFBC}") = "BOL", "BOL\BOL.csproj", "{FC78AF88-7815-473B-AE74-3F45E4067D48}"
EndProject
Project("{FAE04EC0-301F-11D3-BF4B-00C04F79EFBC}") = "BLL", "BLL\BLL.csproj", "{EC630195-161C-469A-81E6-F333FEF32DB9}"
EndProject
Project("{FAE04EC0-301F-11D3-BF4B-00C04F79EFBC}") = "DAL", "DAL\DAL.csproj", "{93CB06B5-FF33-42C5-943B-E257E7B0C0B9}"
EndProject
Global
	GlobalSection(SolutionConfigurationPlatforms) = preSolution
		Debug|Any CPU = Debug|Any CPU
		Release|Any CPU = Release|Any CPU
	EndGlobalSection
	GlobalSection(ProjectConfigurationPlatforms) = postSolution
		{628FCB25-6356-4A5D-9BE1-4917D249A0F3}.Debug|Any CPU.ActiveCfg = Debug|Any CPU
		{628FCB25-6356-4A5D-9BE1-4917D249A0F3}.Debug|Any CPU.Build.0 = Debug|Any CPU
		{628FCB25-6356-4A5D-9BE1-4917D249A0F3}.Release|Any CPU.ActiveCfg = Release|Any CPU
		{628FCB25-6356-4A5D-9BE1-4917D249A0F3}.Release|Any CPU.Build.0 = Release|Any CPU
		{FC78AF88-7815-473B-AE74-3F45E4067D48}.Debug|Any CPU.ActiveCfg = Debug|Any CPU
		{FC78AF88-7815-473B-AE74-3F45E4067D48}.Debug|Any CPU.Build.0 = Debug|Any CPU
		{FC78AF88-7815-473B-AE74-3F45E4067D48}.Release|Any CPU.ActiveCfg = Release|Any CPU
		{FC78AF88-7815-473B-AE74-3F45E4067D48}.Release|Any CPU.Build.0 = Release|Any CPU
		{EC630195-161C-469A-81E6-F333FEF32DB9}.Debug|Any CPU.ActiveCfg = Debug|Any CPU
		{EC630195-161C-469A-81E6-F333FEF32DB9}.Debug|Any CPU.Build.0 = Debug|Any CPU
		{EC630195-161C-469A-81E6-F333FEF32DB9}.Release|Any CPU.ActiveCfg = Release|Any CPU
		{EC630195-161C-469A-81E6-F333FEF32DB9}.Release|Any CPU.Build.0 = Release|Any CPU
		{93CB06B5-FF33-42C5-943B-E257E7B0C0B9}.Debug|Any CPU.ActiveCfg = Debug|Any CPU
		{93CB06B5-FF33-42C5-943B-E257E7B0C0B9}.Debug|Any CPU.Build.0 = Debug|Any CPU
		{93CB06B5-FF33-42C5-943B-E257E7B0C0B9}.Release|Any CPU.ActiveCfg = Release|Any CPU
		{93CB06B5-FF33-42C5-943B-E257E7B0C0B9}.Release|Any CPU.Build.0 = Release|Any CPU
	EndGlobalSection
	GlobalSection(SolutionProperties) = preSolution
		HideSolutionNode = FALSE
	EndGlobalSection
EndGlobal
